
Microsoft Visual Studio Solution File, Format Version 12.00
# Visual Studio Version 17
VisualStudioVersion = 17.2.32616.157
MinimumVisualStudioVersion = 10.0.40219.1
Project("{FAE04EC0-301F-11D3-BF4B-00C04F79EFBC}") = "OOPPracticeproblems", "OOP\OOPPracticeproblems.csproj", "{4BBA5835-9D78-4F2E-922A-4726B6B87B01}"
EndProject
Global
	GlobalSection(SolutionConfigurationPlatforms) = preSolution
		Debug|Any CPU = Debug|Any CPU
		Release|Any CPU = Release|Any CPU
	EndGlobalSection
	GlobalSection(ProjectConfigurationPlatforms) = postSolution
		{4BBA5835-9D78-4F2E-922A-4726B6B87B01}.Debug|Any CPU.ActiveCfg = Debug|Any CPU
		{4BBA5835-9D78-4F2E-922A-4726B6B87B01}.Debug|Any CPU.Build.0 = Debug|Any CPU
		{4BBA5835-9D78-4F2E-922A-4726B6B87B01}.Release|Any CPU.ActiveCfg = Release|Any CPU
		{4BBA5835-9D78-4F2E-922A-4726B6B87B01}.Release|Any CPU.Build.0 = Release|Any CPU
	EndGlobalSection
	GlobalSection(SolutionProperties) = preSolution
		HideSolutionNode = FALSE
	EndGlobalSection
	GlobalSection(ExtensibilityGlobals) = postSolution
		SolutionGuid = {3E8A1BD7-3F9C-438A-BAF9-D0401BA9128A}
	EndGlobalSection
EndGlobal
